// !$*UTF8*$!
{
	archiveVersion = 1;
	classes = {
	};
	objectVersion = 54;
	objects = {

/* Begin PBXBuildFile section */
		7CACB22D3A923532D8FC3333 /* Pods_Gunpla_Life.framework in Frameworks */ = {isa = PBXBuildFile; fileRef = 6A7CEA7264D530CD8C63E8F1 /* Pods_Gunpla_Life.framework */; };
		9801F41A210BB8960073C9EA /* KeychainItemAccessibility.swift in Sources */ = {isa = PBXBuildFile; fileRef = 9801F418210BB8960073C9EA /* KeychainItemAccessibility.swift */; };
		9801F41B210BB8960073C9EA /* KeychainWrapper.swift in Sources */ = {isa = PBXBuildFile; fileRef = 9801F419210BB8960073C9EA /* KeychainWrapper.swift */; };
		9801F41E210BBE210073C9EA /* FeedVC.swift in Sources */ = {isa = PBXBuildFile; fileRef = 9801F41D210BBE210073C9EA /* FeedVC.swift */; };
		984184A321092AF000EEB247 /* CustomView.swift in Sources */ = {isa = PBXBuildFile; fileRef = 984184A221092AF000EEB247 /* CustomView.swift */; };
		984184A621092C3500EEB247 /* Constants.swift in Sources */ = {isa = PBXBuildFile; fileRef = 984184A521092C3500EEB247 /* Constants.swift */; };
		984184AA21092EF900EEB247 /* CustomTextField.swift in Sources */ = {isa = PBXBuildFile; fileRef = 984184A921092EF900EEB247 /* CustomTextField.swift */; };
		984184AC2109308900EEB247 /* CustomButton.swift in Sources */ = {isa = PBXBuildFile; fileRef = 984184AB2109308900EEB247 /* CustomButton.swift */; };
		984184AE2109338200EEB247 /* GoogleService-Info.plist in Resources */ = {isa = PBXBuildFile; fileRef = 984184AD2109338200EEB247 /* GoogleService-Info.plist */; };
		9873DFF12107BEC300B1AEA2 /* AppDelegate.swift in Sources */ = {isa = PBXBuildFile; fileRef = 9873DFF02107BEC300B1AEA2 /* AppDelegate.swift */; };
		9873DFF32107BEC300B1AEA2 /* LoginVC.swift in Sources */ = {isa = PBXBuildFile; fileRef = 9873DFF22107BEC300B1AEA2 /* LoginVC.swift */; };
		9873DFF62107BEC300B1AEA2 /* Main.storyboard in Resources */ = {isa = PBXBuildFile; fileRef = 9873DFF42107BEC300B1AEA2 /* Main.storyboard */; };
		9873DFF82107BEC400B1AEA2 /* Assets.xcassets in Resources */ = {isa = PBXBuildFile; fileRef = 9873DFF72107BEC400B1AEA2 /* Assets.xcassets */; };
		9873DFFB2107BEC400B1AEA2 /* LaunchScreen.storyboard in Resources */ = {isa = PBXBuildFile; fileRef = 9873DFF92107BEC400B1AEA2 /* LaunchScreen.storyboard */; };
		9877218D2110A3EB00BAADF9 /* DataService.swift in Sources */ = {isa = PBXBuildFile; fileRef = 9877218C2110A3EB00BAADF9 /* DataService.swift */; };
		988FAE3B2111209600529323 /* Post.swift in Sources */ = {isa = PBXBuildFile; fileRef = 988FAE3A2111209600529323 /* Post.swift */; };
		98B409352108D4020021B2AA /* big_noodle_titling_oblique.ttf in Resources */ = {isa = PBXBuildFile; fileRef = 98B409332108D4010021B2AA /* big_noodle_titling_oblique.ttf */; };
		98B409362108D4020021B2AA /* big_noodle_titling.ttf in Resources */ = {isa = PBXBuildFile; fileRef = 98B409342108D4020021B2AA /* big_noodle_titling.ttf */; };
		98CD8948210F9D2400695F6D /* CircleImageView.swift in Sources */ = {isa = PBXBuildFile; fileRef = 98CD8947210F9D2400695F6D /* CircleImageView.swift */; };
		98CD894A210FBDFF00695F6D /* PostCell.swift in Sources */ = {isa = PBXBuildFile; fileRef = 98CD8949210FBDFF00695F6D /* PostCell.swift */; };
		98CD894C210FCCFE00695F6D /* RoundedCornerImgView.swift in Sources */ = {isa = PBXBuildFile; fileRef = 98CD894B210FCCFE00695F6D /* RoundedCornerImgView.swift */; };
/* End PBXBuildFile section */

/* Begin PBXFileReference section */
		178B74B14006DDB421D860AE /* Pods-Gunpla Life.release.xcconfig */ = {isa = PBXFileReference; includeInIndex = 1; lastKnownFileType = text.xcconfig; name = "Pods-Gunpla Life.release.xcconfig"; path = "Pods/Target Support Files/Pods-Gunpla Life/Pods-Gunpla Life.release.xcconfig"; sourceTree = "<group>"; };
		29CFE835BE5F5F9E1A22F250 /* Pods-Gunpla Life.debug.xcconfig */ = {isa = PBXFileReference; includeInIndex = 1; lastKnownFileType = text.xcconfig; name = "Pods-Gunpla Life.debug.xcconfig"; path = "Pods/Target Support Files/Pods-Gunpla Life/Pods-Gunpla Life.debug.xcconfig"; sourceTree = "<group>"; };
		6A7CEA7264D530CD8C63E8F1 /* Pods_Gunpla_Life.framework */ = {isa = PBXFileReference; explicitFileType = wrapper.framework; includeInIndex = 0; path = Pods_Gunpla_Life.framework; sourceTree = BUILT_PRODUCTS_DIR; };
		9801F418210BB8960073C9EA /* KeychainItemAccessibility.swift */ = {isa = PBXFileReference; fileEncoding = 4; lastKnownFileType = sourcecode.swift; path = KeychainItemAccessibility.swift; sourceTree = "<group>"; };
		9801F419210BB8960073C9EA /* KeychainWrapper.swift */ = {isa = PBXFileReference; fileEncoding = 4; lastKnownFileType = sourcecode.swift; path = KeychainWrapper.swift; sourceTree = "<group>"; };
		9801F41C210BB9A20073C9EA /* SwiftKeychainWrapper.h */ = {isa = PBXFileReference; fileEncoding = 4; lastKnownFileType = sourcecode.c.h; path = SwiftKeychainWrapper.h; sourceTree = "<group>"; };
		9801F41D210BBE210073C9EA /* FeedVC.swift */ = {isa = PBXFileReference; lastKnownFileType = sourcecode.swift; path = FeedVC.swift; sourceTree = "<group>"; };
		984184A221092AF000EEB247 /* CustomView.swift */ = {isa = PBXFileReference; lastKnownFileType = sourcecode.swift; path = CustomView.swift; sourceTree = "<group>"; };
		984184A521092C3500EEB247 /* Constants.swift */ = {isa = PBXFileReference; lastKnownFileType = sourcecode.swift; path = Constants.swift; sourceTree = "<group>"; };
		984184A921092EF900EEB247 /* CustomTextField.swift */ = {isa = PBXFileReference; lastKnownFileType = sourcecode.swift; path = CustomTextField.swift; sourceTree = "<group>"; };
		984184AB2109308900EEB247 /* CustomButton.swift */ = {isa = PBXFileReference; lastKnownFileType = sourcecode.swift; path = CustomButton.swift; sourceTree = "<group>"; };
		984184AD2109338200EEB247 /* GoogleService-Info.plist */ = {isa = PBXFileReference; fileEncoding = 4; lastKnownFileType = text.plist.xml; path = "GoogleService-Info.plist"; sourceTree = "<group>"; };
		9873DFED2107BEC300B1AEA2 /* Gunpla Life.app */ = {isa = PBXFileReference; explicitFileType = wrapper.application; includeInIndex = 0; path = "Gunpla Life.app"; sourceTree = BUILT_PRODUCTS_DIR; };
		9873DFF02107BEC300B1AEA2 /* AppDelegate.swift */ = {isa = PBXFileReference; lastKnownFileType = sourcecode.swift; path = AppDelegate.swift; sourceTree = "<group>"; };
		9873DFF22107BEC300B1AEA2 /* LoginVC.swift */ = {isa = PBXFileReference; lastKnownFileType = sourcecode.swift; path = LoginVC.swift; sourceTree = "<group>"; };
		9873DFF52107BEC300B1AEA2 /* Base */ = {isa = PBXFileReference; lastKnownFileType = file.storyboard; name = Base; path = Base.lproj/Main.storyboard; sourceTree = "<group>"; };
		9873DFF72107BEC400B1AEA2 /* Assets.xcassets */ = {isa = PBXFileReference; lastKnownFileType = folder.assetcatalog; path = Assets.xcassets; sourceTree = "<group>"; };
		9873DFFA2107BEC400B1AEA2 /* Base */ = {isa = PBXFileReference; lastKnownFileType = file.storyboard; name = Base; path = Base.lproj/LaunchScreen.storyboard; sourceTree = "<group>"; };
		9873DFFC2107BEC400B1AEA2 /* Info.plist */ = {isa = PBXFileReference; lastKnownFileType = text.plist.xml; path = Info.plist; sourceTree = "<group>"; };
		9877218C2110A3EB00BAADF9 /* DataService.swift */ = {isa = PBXFileReference; lastKnownFileType = sourcecode.swift; path = DataService.swift; sourceTree = "<group>"; };
		988FAE3A2111209600529323 /* Post.swift */ = {isa = PBXFileReference; lastKnownFileType = sourcecode.swift; path = Post.swift; sourceTree = "<group>"; };
		98B409332108D4010021B2AA /* big_noodle_titling_oblique.ttf */ = {isa = PBXFileReference; lastKnownFileType = file; path = big_noodle_titling_oblique.ttf; sourceTree = "<group>"; };
		98B409342108D4020021B2AA /* big_noodle_titling.ttf */ = {isa = PBXFileReference; lastKnownFileType = file; path = big_noodle_titling.ttf; sourceTree = "<group>"; };
		98CD8947210F9D2400695F6D /* CircleImageView.swift */ = {isa = PBXFileReference; lastKnownFileType = sourcecode.swift; path = CircleImageView.swift; sourceTree = "<group>"; };
		98CD8949210FBDFF00695F6D /* PostCell.swift */ = {isa = PBXFileReference; lastKnownFileType = sourcecode.swift; path = PostCell.swift; sourceTree = "<group>"; };
		98CD894B210FCCFE00695F6D /* RoundedCornerImgView.swift */ = {isa = PBXFileReference; lastKnownFileType = sourcecode.swift; path = RoundedCornerImgView.swift; sourceTree = "<group>"; };
/* End PBXFileReference section */

/* Begin PBXFrameworksBuildPhase section */
		9873DFEA2107BEC300B1AEA2 /* Frameworks */ = {
			isa = PBXFrameworksBuildPhase;
			buildActionMask = 2147483647;
			files = (
				7CACB22D3A923532D8FC3333 /* Pods_Gunpla_Life.framework in Frameworks */,
			);
			runOnlyForDeploymentPostprocessing = 0;
		};
/* End PBXFrameworksBuildPhase section */

/* Begin PBXGroup section */
		0475A4AEEB42C085152DDEE7 /* Frameworks */ = {
			isa = PBXGroup;
			children = (
				6A7CEA7264D530CD8C63E8F1 /* Pods_Gunpla_Life.framework */,
			);
			name = Frameworks;
			sourceTree = "<group>";
		};
		6E119CA051E61F4616CD59B7 /* Pods */ = {
			isa = PBXGroup;
			children = (
				29CFE835BE5F5F9E1A22F250 /* Pods-Gunpla Life.debug.xcconfig */,
				178B74B14006DDB421D860AE /* Pods-Gunpla Life.release.xcconfig */,
			);
			name = Pods;
			sourceTree = "<group>";
		};
		984184A421092C1F00EEB247 /* Utilities */ = {
			isa = PBXGroup;
			children = (
				984184A521092C3500EEB247 /* Constants.swift */,
				9801F418210BB8960073C9EA /* KeychainItemAccessibility.swift */,
				9801F419210BB8960073C9EA /* KeychainWrapper.swift */,
				9801F41C210BB9A20073C9EA /* SwiftKeychainWrapper.h */,
			);
			path = Utilities;
			sourceTree = "<group>";
		};
		9873DFE42107BEC300B1AEA2 = {
			isa = PBXGroup;
			children = (
				9873DFEF2107BEC300B1AEA2 /* Gunpla Life */,
				9873DFEE2107BEC300B1AEA2 /* Products */,
				6E119CA051E61F4616CD59B7 /* Pods */,
				0475A4AEEB42C085152DDEE7 /* Frameworks */,
			);
			sourceTree = "<group>";
		};
		9873DFEE2107BEC300B1AEA2 /* Products */ = {
			isa = PBXGroup;
			children = (
				9873DFED2107BEC300B1AEA2 /* Gunpla Life.app */,
			);
			name = Products;
			sourceTree = "<group>";
		};
		9873DFEF2107BEC300B1AEA2 /* Gunpla Life */ = {
			isa = PBXGroup;
			children = (
				9877218B2110A3D000BAADF9 /* Services */,
				984184A421092C1F00EEB247 /* Utilities */,
				98E687A52107C42F00528E50 /* Model */,
				98E687A62107C43400528E50 /* View */,
				98E687A72107C43A00528E50 /* Controller */,
				9873DFF02107BEC300B1AEA2 /* AppDelegate.swift */,
				9873DFF42107BEC300B1AEA2 /* Main.storyboard */,
				9873DFF72107BEC400B1AEA2 /* Assets.xcassets */,
				9873DFF92107BEC400B1AEA2 /* LaunchScreen.storyboard */,
				9873DFFC2107BEC400B1AEA2 /* Info.plist */,
				984184AD2109338200EEB247 /* GoogleService-Info.plist */,
				98B409322108D3DC0021B2AA /* Resources */,
			);
			path = "Gunpla Life";
			sourceTree = "<group>";
		};
		9877218B2110A3D000BAADF9 /* Services */ = {
			isa = PBXGroup;
			children = (
				9877218C2110A3EB00BAADF9 /* DataService.swift */,
			);
			path = Services;
			sourceTree = "<group>";
		};
		98B409322108D3DC0021B2AA /* Resources */ = {
			isa = PBXGroup;
			children = (
				98B409332108D4010021B2AA /* big_noodle_titling_oblique.ttf */,
				98B409342108D4020021B2AA /* big_noodle_titling.ttf */,
			);
			path = Resources;
			sourceTree = "<group>";
		};
		98E687A52107C42F00528E50 /* Model */ = {
			isa = PBXGroup;
			children = (
				988FAE3A2111209600529323 /* Post.swift */,
			);
			path = Model;
			sourceTree = "<group>";
		};
		98E687A62107C43400528E50 /* View */ = {
			isa = PBXGroup;
			children = (
				984184A221092AF000EEB247 /* CustomView.swift */,
				984184A921092EF900EEB247 /* CustomTextField.swift */,
				984184AB2109308900EEB247 /* CustomButton.swift */,
				98CD8947210F9D2400695F6D /* CircleImageView.swift */,
				98CD8949210FBDFF00695F6D /* PostCell.swift */,
				98CD894B210FCCFE00695F6D /* RoundedCornerImgView.swift */,
			);
			path = View;
			sourceTree = "<group>";
		};
		98E687A72107C43A00528E50 /* Controller */ = {
			isa = PBXGroup;
			children = (
				9873DFF22107BEC300B1AEA2 /* LoginVC.swift */,
				9801F41D210BBE210073C9EA /* FeedVC.swift */,
			);
			path = Controller;
			sourceTree = "<group>";
		};
/* End PBXGroup section */

/* Begin PBXNativeTarget section */
		9873DFEC2107BEC300B1AEA2 /* Gunpla Life */ = {
			isa = PBXNativeTarget;
			buildConfigurationList = 9873DFFF2107BEC400B1AEA2 /* Build configuration list for PBXNativeTarget "Gunpla Life" */;
			buildPhases = (
				6AF64FE34B25563510205657 /* [CP] Check Pods Manifest.lock */,
				9873DFE92107BEC300B1AEA2 /* Sources */,
				9873DFEA2107BEC300B1AEA2 /* Frameworks */,
				9873DFEB2107BEC300B1AEA2 /* Resources */,
				0A3FA1C2E0432981F165B86B /* [CP] Embed Pods Frameworks */,
			);
			buildRules = (
			);
			dependencies = (
			);
			name = "Gunpla Life";
			productName = "Gunpla Life";
			productReference = 9873DFED2107BEC300B1AEA2 /* Gunpla Life.app */;
			productType = "com.apple.product-type.application";
		};
/* End PBXNativeTarget section */

/* Begin PBXProject section */
		9873DFE52107BEC300B1AEA2 /* Project object */ = {
			isa = PBXProject;
			attributes = {
				LastSwiftUpdateCheck = 0940;
				LastUpgradeCheck = 0940;
				ORGANIZATIONNAME = "Steven Lattenhauer 2nd";
				TargetAttributes = {
					9873DFEC2107BEC300B1AEA2 = {
						CreatedOnToolsVersion = 9.4.1;
					};
				};
			};
			buildConfigurationList = 9873DFE82107BEC300B1AEA2 /* Build configuration list for PBXProject "Gunpla Life" */;
			compatibilityVersion = "Xcode 9.3";
			developmentRegion = en;
			hasScannedForEncodings = 0;
			knownRegions = (
				en,
				Base,
			);
			mainGroup = 9873DFE42107BEC300B1AEA2;
			productRefGroup = 9873DFEE2107BEC300B1AEA2 /* Products */;
			projectDirPath = "";
			projectRoot = "";
			targets = (
				9873DFEC2107BEC300B1AEA2 /* Gunpla Life */,
			);
		};
/* End PBXProject section */

/* Begin PBXResourcesBuildPhase section */
		9873DFEB2107BEC300B1AEA2 /* Resources */ = {
			isa = PBXResourcesBuildPhase;
			buildActionMask = 2147483647;
			files = (
				9873DFFB2107BEC400B1AEA2 /* LaunchScreen.storyboard in Resources */,
				98B409362108D4020021B2AA /* big_noodle_titling.ttf in Resources */,
				9873DFF82107BEC400B1AEA2 /* Assets.xcassets in Resources */,
				98B409352108D4020021B2AA /* big_noodle_titling_oblique.ttf in Resources */,
				9873DFF62107BEC300B1AEA2 /* Main.storyboard in Resources */,
				984184AE2109338200EEB247 /* GoogleService-Info.plist in Resources */,
			);
			runOnlyForDeploymentPostprocessing = 0;
		};
/* End PBXResourcesBuildPhase section */

/* Begin PBXShellScriptBuildPhase section */
		0A3FA1C2E0432981F165B86B /* [CP] Embed Pods Frameworks */ = {
			isa = PBXShellScriptBuildPhase;
			buildActionMask = 2147483647;
			files = (
			);
			inputFileListPaths = (
				"${PODS_ROOT}/Target Support Files/Pods-Gunpla Life/Pods-Gunpla Life-frameworks-${CONFIGURATION}-input-files.xcfilelist",
			);
			name = "[CP] Embed Pods Frameworks";
			outputFileListPaths = (
				"${PODS_ROOT}/Target Support Files/Pods-Gunpla Life/Pods-Gunpla Life-frameworks-${CONFIGURATION}-output-files.xcfilelist",
			);
			runOnlyForDeploymentPostprocessing = 0;
			shellPath = /bin/sh;
			shellScript = "\"${PODS_ROOT}/Target Support Files/Pods-Gunpla Life/Pods-Gunpla Life-frameworks.sh\"\n";
			showEnvVarsInLog = 0;
		};
		6AF64FE34B25563510205657 /* [CP] Check Pods Manifest.lock */ = {
			isa = PBXShellScriptBuildPhase;
			buildActionMask = 2147483647;
			files = (
			);
			inputPaths = (
				"${PODS_PODFILE_DIR_PATH}/Podfile.lock",
				"${PODS_ROOT}/Manifest.lock",
			);
			name = "[CP] Check Pods Manifest.lock";
			outputPaths = (
				"$(DERIVED_FILE_DIR)/Pods-Gunpla Life-checkManifestLockResult.txt",
			);
			runOnlyForDeploymentPostprocessing = 0;
			shellPath = /bin/sh;
			shellScript = "diff \"${PODS_PODFILE_DIR_PATH}/Podfile.lock\" \"${PODS_ROOT}/Manifest.lock\" > /dev/null\nif [ $? != 0 ] ; then\n    # print error to STDERR\n    echo \"error: The sandbox is not in sync with the Podfile.lock. Run 'pod install' or update your CocoaPods installation.\" >&2\n    exit 1\nfi\n# This output is used by Xcode 'outputs' to avoid re-running this script phase.\necho \"SUCCESS\" > \"${SCRIPT_OUTPUT_FILE_0}\"\n";
			showEnvVarsInLog = 0;
		};
/* End PBXShellScriptBuildPhase section */

/* Begin PBXSourcesBuildPhase section */
		9873DFE92107BEC300B1AEA2 /* Sources */ = {
			isa = PBXSourcesBuildPhase;
			buildActionMask = 2147483647;
			files = (
				9801F41E210BBE210073C9EA /* FeedVC.swift in Sources */,
				9877218D2110A3EB00BAADF9 /* DataService.swift in Sources */,
				9873DFF32107BEC300B1AEA2 /* LoginVC.swift in Sources */,
				984184A321092AF000EEB247 /* CustomView.swift in Sources */,
				98CD894C210FCCFE00695F6D /* RoundedCornerImgView.swift in Sources */,
				988FAE3B2111209600529323 /* Post.swift in Sources */,
				984184AC2109308900EEB247 /* CustomButton.swift in Sources */,
				9873DFF12107BEC300B1AEA2 /* AppDelegate.swift in Sources */,
				984184A621092C3500EEB247 /* Constants.swift in Sources */,
				9801F41B210BB8960073C9EA /* KeychainWrapper.swift in Sources */,
				9801F41A210BB8960073C9EA /* KeychainItemAccessibility.swift in Sources */,
				98CD894A210FBDFF00695F6D /* PostCell.swift in Sources */,
				98CD8948210F9D2400695F6D /* CircleImageView.swift in Sources */,
				984184AA21092EF900EEB247 /* CustomTextField.swift in Sources */,
			);
			runOnlyForDeploymentPostprocessing = 0;
		};
/* End PBXSourcesBuildPhase section */

/* Begin PBXVariantGroup section */
		9873DFF42107BEC300B1AEA2 /* Main.storyboard */ = {
			isa = PBXVariantGroup;
			children = (
				9873DFF52107BEC300B1AEA2 /* Base */,
			);
			name = Main.storyboard;
			sourceTree = "<group>";
		};
		9873DFF92107BEC400B1AEA2 /* LaunchScreen.storyboard */ = {
			isa = PBXVariantGroup;
			children = (
				9873DFFA2107BEC400B1AEA2 /* Base */,
			);
			name = LaunchScreen.storyboard;
			sourceTree = "<group>";
		};
/* End PBXVariantGroup section */

/* Begin XCBuildConfiguration section */
		9873DFFD2107BEC400B1AEA2 /* Debug */ = {
			isa = XCBuildConfiguration;
			buildSettings = {
				ALWAYS_SEARCH_USER_PATHS = NO;
				CLANG_ANALYZER_NONNULL = YES;
				CLANG_ANALYZER_NUMBER_OBJECT_CONVERSION = YES_AGGRESSIVE;
				CLANG_CXX_LANGUAGE_STANDARD = "gnu++14";
				CLANG_CXX_LIBRARY = "libc++";
				CLANG_ENABLE_MODULES = YES;
				CLANG_ENABLE_OBJC_ARC = YES;
				CLANG_ENABLE_OBJC_WEAK = YES;
				CLANG_WARN_BLOCK_CAPTURE_AUTORELEASING = YES;
				CLANG_WARN_BOOL_CONVERSION = YES;
				CLANG_WARN_COMMA = YES;
				CLANG_WARN_CONSTANT_CONVERSION = YES;
				CLANG_WARN_DEPRECATED_OBJC_IMPLEMENTATIONS = YES;
				CLANG_WARN_DIRECT_OBJC_ISA_USAGE = YES_ERROR;
				CLANG_WARN_DOCUMENTATION_COMMENTS = YES;
				CLANG_WARN_EMPTY_BODY = YES;
				CLANG_WARN_ENUM_CONVERSION = YES;
				CLANG_WARN_INFINITE_RECURSION = YES;
				CLANG_WARN_INT_CONVERSION = YES;
				CLANG_WARN_NON_LITERAL_NULL_CONVERSION = YES;
				CLANG_WARN_OBJC_IMPLICIT_RETAIN_SELF = YES;
				CLANG_WARN_OBJC_LITERAL_CONVERSION = YES;
				CLANG_WARN_OBJC_ROOT_CLASS = YES_ERROR;
				CLANG_WARN_RANGE_LOOP_ANALYSIS = YES;
				CLANG_WARN_STRICT_PROTOTYPES = YES;
				CLANG_WARN_SUSPICIOUS_MOVE = YES;
				CLANG_WARN_UNGUARDED_AVAILABILITY = YES_AGGRESSIVE;
				CLANG_WARN_UNREACHABLE_CODE = YES;
				CLANG_WARN__DUPLICATE_METHOD_MATCH = YES;
				CODE_SIGN_IDENTITY = "iPhone Developer";
				COPY_PHASE_STRIP = NO;
				DEBUG_INFORMATION_FORMAT = dwarf;
				ENABLE_STRICT_OBJC_MSGSEND = YES;
				ENABLE_TESTABILITY = YES;
				GCC_C_LANGUAGE_STANDARD = gnu11;
				GCC_DYNAMIC_NO_PIC = NO;
				GCC_NO_COMMON_BLOCKS = YES;
				GCC_OPTIMIZATION_LEVEL = 0;
				GCC_PREPROCESSOR_DEFINITIONS = (
					"DEBUG=1",
					"$(inherited)",
				);
				GCC_WARN_64_TO_32_BIT_CONVERSION = YES;
				GCC_WARN_ABOUT_RETURN_TYPE = YES_ERROR;
				GCC_WARN_UNDECLARED_SELECTOR = YES;
				GCC_WARN_UNINITIALIZED_AUTOS = YES_AGGRESSIVE;
				GCC_WARN_UNUSED_FUNCTION = YES;
				GCC_WARN_UNUSED_VARIABLE = YES;
				IPHONEOS_DEPLOYMENT_TARGET = 11.4;
				MTL_ENABLE_DEBUG_INFO = YES;
				ONLY_ACTIVE_ARCH = YES;
				SDKROOT = iphoneos;
				SWIFT_ACTIVE_COMPILATION_CONDITIONS = DEBUG;
				SWIFT_OPTIMIZATION_LEVEL = "-Onone";
			};
			name = Debug;
		};
		9873DFFE2107BEC400B1AEA2 /* Release */ = {
			isa = XCBuildConfiguration;
			buildSettings = {
				ALWAYS_SEARCH_USER_PATHS = NO;
				CLANG_ANALYZER_NONNULL = YES;
				CLANG_ANALYZER_NUMBER_OBJECT_CONVERSION = YES_AGGRESSIVE;
				CLANG_CXX_LANGUAGE_STANDARD = "gnu++14";
				CLANG_CXX_LIBRARY = "libc++";
				CLANG_ENABLE_MODULES = YES;
				CLANG_ENABLE_OBJC_ARC = YES;
				CLANG_ENABLE_OBJC_WEAK = YES;
				CLANG_WARN_BLOCK_CAPTURE_AUTORELEASING = YES;
				CLANG_WARN_BOOL_CONVERSION = YES;
				CLANG_WARN_COMMA = YES;
				CLANG_WARN_CONSTANT_CONVERSION = YES;
				CLANG_WARN_DEPRECATED_OBJC_IMPLEMENTATIONS = YES;
				CLANG_WARN_DIRECT_OBJC_ISA_USAGE = YES_ERROR;
				CLANG_WARN_DOCUMENTATION_COMMENTS = YES;
				CLANG_WARN_EMPTY_BODY = YES;
				CLANG_WARN_ENUM_CONVERSION = YES;
				CLANG_WARN_INFINITE_RECURSION = YES;
				CLANG_WARN_INT_CONVERSION = YES;
				CLANG_WARN_NON_LITERAL_NULL_CONVERSION = YES;
				CLANG_WARN_OBJC_IMPLICIT_RETAIN_SELF = YES;
				CLANG_WARN_OBJC_LITERAL_CONVERSION = YES;
				CLANG_WARN_OBJC_ROOT_CLASS = YES_ERROR;
				CLANG_WARN_RANGE_LOOP_ANALYSIS = YES;
				CLANG_WARN_STRICT_PROTOTYPES = YES;
				CLANG_WARN_SUSPICIOUS_MOVE = YES;
				CLANG_WARN_UNGUARDED_AVAILABILITY = YES_AGGRESSIVE;
				CLANG_WARN_UNREACHABLE_CODE = YES;
				CLANG_WARN__DUPLICATE_METHOD_MATCH = YES;
				CODE_SIGN_IDENTITY = "iPhone Developer";
				COPY_PHASE_STRIP = NO;
				DEBUG_INFORMATION_FORMAT = "dwarf-with-dsym";
				ENABLE_NS_ASSERTIONS = NO;
				ENABLE_STRICT_OBJC_MSGSEND = YES;
				GCC_C_LANGUAGE_STANDARD = gnu11;
				GCC_NO_COMMON_BLOCKS = YES;
				GCC_WARN_64_TO_32_BIT_CONVERSION = YES;
				GCC_WARN_ABOUT_RETURN_TYPE = YES_ERROR;
				GCC_WARN_UNDECLARED_SELECTOR = YES;
				GCC_WARN_UNINITIALIZED_AUTOS = YES_AGGRESSIVE;
				GCC_WARN_UNUSED_FUNCTION = YES;
				GCC_WARN_UNUSED_VARIABLE = YES;
				IPHONEOS_DEPLOYMENT_TARGET = 11.4;
				MTL_ENABLE_DEBUG_INFO = NO;
				SDKROOT = iphoneos;
				SWIFT_COMPILATION_MODE = wholemodule;
				SWIFT_OPTIMIZATION_LEVEL = "-O";
				VALIDATE_PRODUCT = YES;
			};
			name = Release;
		};
		9873E0002107BEC400B1AEA2 /* Debug */ = {
			isa = XCBuildConfiguration;
			baseConfigurationReference = 29CFE835BE5F5F9E1A22F250 /* Pods-Gunpla Life.debug.xcconfig */;
			buildSettings = {
				ASSETCATALOG_COMPILER_APPICON_NAME = AppIcon;
				CODE_SIGN_STYLE = Automatic;
				DEVELOPMENT_TEAM = CAT5B82X9C;
				INFOPLIST_FILE = "Gunpla Life/Info.plist";
				IPHONEOS_DEPLOYMENT_TARGET = 18.0;
				LD_RUNPATH_SEARCH_PATHS = (
					"$(inherited)",
					"@executable_path/Frameworks",
				);
				PRODUCT_BUNDLE_IDENTIFIER = "com.s2.Gunpla-Life";
				PRODUCT_NAME = "$(TARGET_NAME)";
				SWIFT_VERSION = 4.0;
				TARGETED_DEVICE_FAMILY = "1,2";
			};
			name = Debug;
		};
		9873E0012107BEC400B1AEA2 /* Release */ = {
			isa = XCBuildConfiguration;
			baseConfigurationReference = 178B74B14006DDB421D860AE /* Pods-Gunpla Life.release.xcconfig */;
			buildSettings = {
				ASSETCATALOG_COMPILER_APPICON_NAME = AppIcon;
				CODE_SIGN_STYLE = Automatic;
				DEVELOPMENT_TEAM = CAT5B82X9C;
				INFOPLIST_FILE = "Gunpla Life/Info.plist";
				IPHONEOS_DEPLOYMENT_TARGET = 18.0;
				LD_RUNPATH_SEARCH_PATHS = (
					"$(inherited)",
					"@executable_path/Frameworks",
				);
				PRODUCT_BUNDLE_IDENTIFIER = "com.s2.Gunpla-Life";
				PRODUCT_NAME = "$(TARGET_NAME)";
				SWIFT_VERSION = 4.0;
				TARGETED_DEVICE_FAMILY = "1,2";
			};
			name = Release;
		};
/* End XCBuildConfiguration section */

/* Begin XCConfigurationList section */
		9873DFE82107BEC300B1AEA2 /* Build configuration list for PBXProject "Gunpla Life" */ = {
			isa = XCConfigurationList;
			buildConfigurations = (
				9873DFFD2107BEC400B1AEA2 /* Debug */,
				9873DFFE2107BEC400B1AEA2 /* Release */,
			);
			defaultConfigurationIsVisible = 0;
			defaultConfigurationName = Release;
		};
		9873DFFF2107BEC400B1AEA2 /* Build configuration list for PBXNativeTarget "Gunpla Life" */ = {
			isa = XCConfigurationList;
			buildConfigurations = (
				9873E0002107BEC400B1AEA2 /* Debug */,
				9873E0012107BEC400B1AEA2 /* Release */,
			);
			defaultConfigurationIsVisible = 0;
			defaultConfigurationName = Release;
		};
/* End XCConfigurationList section */
	};
	rootObject = 9873DFE52107BEC300B1AEA2 /* Project object */;
}
